{
  "requires": true,
  "lockfileVersion": 1,
  "dependencies": {
    "butiran": {
      "version": "0.0.1",
      "resolved": "https://registry.npmjs.org/butiran/-/butiran-0.0.1.tgz",
      "integrity": "sha512-Vnux2lXI0dtC1lJ0w/KZtOGEXp3Seu4d09rSI5iPqaAJ7gKfb1YYKWZlMd0Mhr8w9M7aY1KMgVmE7pJgRMB9Vw=="
    }
  }
}
